# THIS IS AN AUTOGENERATED FILE. DO NOT EDIT THIS FILE DIRECTLY.
# yarn lockfile v1


"@babel/runtime@^7.23.8":
  version "7.26.9"
  resolved "https://registry.yarnpkg.com/@babel/runtime/-/runtime-7.26.9.tgz#aa4c6facc65b9cb3f87d75125ffd47781b475433"
  integrity sha512-aA63XwOkcl4xxQa3HjPMqOP6LiK0ZDv3mUPYEFXkpHbaFjtGggE1A61FjFzJnB+p7/oy2gA8E+rcBNl/zC1tMg==
  dependencies:
    regenerator-runtime "^0.14.0"

"@types/cookie@^0.6.0":
  version "0.6.0"
  resolved "https://registry.yarnpkg.com/@types/cookie/-/cookie-0.6.0.tgz#eac397f28bf1d6ae0ae081363eca2f425bedf0d5"
  integrity sha512-4Kh9a6B2bQciAhf7FSuMRRkUWecJgJu9nPnx3yzpsfXX/c50REIqpHY4C82bXP90qrLtXtkDxTZosYO3UpOwlA==

cookie@^1.0.1:
  version "1.0.2"
  resolved "https://registry.yarnpkg.com/cookie/-/cookie-1.0.2.tgz#27360701532116bd3f1f9416929d176afe1e4610"
  integrity sha512-9Kr/j4O16ISv8zBBhJoi4bXOYNTkFLOqSL3UDB0njXxCXNezjeyVrJyGOWtgfs/q2km1gwBcfH8q1yEGoMYunA==

immediate@~3.0.5:
  version "3.0.6"
  resolved "https://registry.yarnpkg.com/immediate/-/immediate-3.0.6.tgz#9db1dbd0faf8de6fbe0f5dd5e56bb606280de69b"
  integrity sha512-XXOFtyqDjNDAQxVfYxuF7g9Il/IbWmmlQg2MYKOH8ExIT1qg6xc4zyS3HaEEATgs1btfzxq15ciUiY7gjSXRGQ==

lie@3.1.1:
  version "3.1.1"
  resolved "https://registry.yarnpkg.com/lie/-/lie-3.1.1.tgz#9a436b2cc7746ca59de7a41fa469b3efb76bd87e"
  integrity sha512-RiNhHysUjhrDQntfYSfY4MU24coXXdEOgw9WGcKHNeEwffDYbF//u87M1EWaMGzuFoSbqW0C9C6lEEhDOAswfw==
  dependencies:
    immediate "~3.0.5"

localforage@^1.10.0:
  version "1.10.0"
  resolved "https://registry.yarnpkg.com/localforage/-/localforage-1.10.0.tgz#5c465dc5f62b2807c3a84c0c6a1b1b3212781dd4"
  integrity sha512-14/H1aX7hzBBmmh7sGPd+AOMkkIrHM3Z1PAyGgZigA1H1p5O5ANnMyWzvpAETtG68/dC4pC0ncy3+PPGzXZHPg==
  dependencies:
    lie "3.1.1"

match-sorter@^8.0.0:
  version "8.0.0"
  resolved "https://registry.yarnpkg.com/match-sorter/-/match-sorter-8.0.0.tgz#9120e35ed8aabf45cd40e127b0231f762fb2eec0"
  integrity sha512-bGJ6Zb+OhzXe+ptP5d80OLVx7AkqfRbtGEh30vNSfjNwllu+hHI+tcbMIT/fbkx/FKN1PmKuDb65+Oofg+XUxw==
  dependencies:
    "@babel/runtime" "^7.23.8"
    remove-accents "0.5.0"

object-path@0.6.0:
  version "0.6.0"
  resolved "https://registry.yarnpkg.com/object-path/-/object-path-0.6.0.tgz#b69a7d110937934f336ca561fd9be1ad7b7e0cb7"
  integrity sha512-fxrwsCFi3/p+LeLOAwo/wyRMODZxdGBtUlWRzsEpsUVrisZbEfZ21arxLGfaWfcnqb8oHPNihIb4XPE8CQPN5A==

react-router-dom@^7.2.0:
  version "7.2.0"
  resolved "https://registry.yarnpkg.com/react-router-dom/-/react-router-dom-7.2.0.tgz#b8a7eae7827cd5207cf91e89807d01217737797d"
  integrity sha512-cU7lTxETGtQRQbafJubvZKHEn5izNABxZhBY0Jlzdv0gqQhCPQt2J8aN5ZPjS6mQOXn5NnirWNh+FpE8TTYN0Q==
  dependencies:
    react-router "7.2.0"

react-router@7.2.0:
  version "7.2.0"
  resolved "https://registry.yarnpkg.com/react-router/-/react-router-7.2.0.tgz#a8f2729d39f634a7a870d14dd906a1b406f39d6f"
  integrity sha512-fXyqzPgCPZbqhrk7k3hPcCpYIlQ2ugIXDboHUzhJISFVy2DEPsmHgN588MyGmkIOv3jDgNfUE3kJi83L28s/LQ==
  dependencies:
    "@types/cookie" "^0.6.0"
    cookie "^1.0.1"
    set-cookie-parser "^2.6.0"
    turbo-stream "2.4.0"

regenerator-runtime@^0.14.0:
  version "0.14.1"
  resolved "https://registry.yarnpkg.com/regenerator-runtime/-/regenerator-runtime-0.14.1.tgz#356ade10263f685dda125100cd862c1db895327f"
  integrity sha512-dYnhHh0nJoMfnkZs6GmmhFknAGRrLznOu5nc9ML+EJxGvrx6H7teuevqVqCuPcPK//3eDrrjQhehXVx9cnkGdw==

remove-accents@0.5.0:
  version "0.5.0"
  resolved "https://registry.yarnpkg.com/remove-accents/-/remove-accents-0.5.0.tgz#77991f37ba212afba162e375b627631315bed687"
  integrity sha512-8g3/Otx1eJaVD12e31UbJj1YzdtVvzH85HV7t+9MJYk/u3XmkOUJ5Ys9wQrf9PCPK8+xn4ymzqYCiZl6QWKn+A==

set-cookie-parser@^2.6.0:
  version "2.7.1"
  resolved "https://registry.yarnpkg.com/set-cookie-parser/-/set-cookie-parser-2.7.1.tgz#3016f150072202dfbe90fadee053573cc89d2943"
  integrity sha512-IOc8uWeOZgnb3ptbCURJWNjWUPcO3ZnTTdzsurqERrP6nPyv+paC55vJM0LpOlT2ne+Ix+9+CRG1MNLlyZ4GjQ==

sort-by@^1.2.0:
  version "1.2.0"
  resolved "https://registry.yarnpkg.com/sort-by/-/sort-by-1.2.0.tgz#ed92bbff9fd2284b41f6503e38496607b225fe6f"
  integrity sha512-aRyW65r3xMnf4nxJRluCg0H/woJpksU1dQxRtXYzau30sNBOmf5HACpDd9MZDhKh7ALQ5FgSOfMPwZEtUmMqcg==
  dependencies:
    object-path "0.6.0"

turbo-stream@2.4.0:
  version "2.4.0"
  resolved "https://registry.yarnpkg.com/turbo-stream/-/turbo-stream-2.4.0.tgz#1e4fca6725e90fa14ac4adb782f2d3759a5695f0"
  integrity sha512-FHncC10WpBd2eOmGwpmQsWLDoK4cqsA/UT/GqNoaKOQnT8uzhtCbg3EoUDMvqpOSAI0S26mr0rkjzbOO6S3v1g==
